// !$*UTF8*$!
{
	archiveVersion = 1;
	classes = {
	};
	objectVersion = 46;
	objects = {

/* Begin PBXBuildFile section */
		9F04CAEA1C03E26300F2B01B /* trivia.wav in Resources */ = {isa = PBXBuildFile; fileRef = 9F04CAE91C03E26300F2B01B /* trivia.wav */; };
		9F04CAEE1C03E9AD00F2B01B /* trivia_countdown.mp3 in Resources */ = {isa = PBXBuildFile; fileRef = 9F04CAED1C03E9AD00F2B01B /* trivia_countdown.mp3 */; };
		9F04CAF01C03EC0B00F2B01B /* tapRace_background.mp3 in Resources */ = {isa = PBXBuildFile; fileRef = 9F04CAEF1C03EC0B00F2B01B /* tapRace_background.mp3 */; };
		9F04CAF21C03EF4500F2B01B /* tapRace_victory.mp3 in Resources */ = {isa = PBXBuildFile; fileRef = 9F04CAF11C03EF4500F2B01B /* tapRace_victory.mp3 */; };
		9F3364581C19324C0035CB1C /* boing.wav in Resources */ = {isa = PBXBuildFile; fileRef = 9F3364541C19324C0035CB1C /* boing.wav */; };
		9F3364591C19324C0035CB1C /* main_menu.mp3 in Resources */ = {isa = PBXBuildFile; fileRef = 9F3364551C19324C0035CB1C /* main_menu.mp3 */; };
		9F33645A1C19324C0035CB1C /* startPage.mp3 in Resources */ = {isa = PBXBuildFile; fileRef = 9F3364561C19324C0035CB1C /* startPage.mp3 */; };
		9F33645B1C19324C0035CB1C /* round.mp3 in Resources */ = {isa = PBXBuildFile; fileRef = 9F3364571C19324C0035CB1C /* round.mp3 */; };
		9F9CEEE41C03922900E2EB13 /* mk64_racestart.wav in Resources */ = {isa = PBXBuildFile; fileRef = 9F9CEEE21C03922900E2EB13 /* mk64_racestart.wav */; };
		9F9CEEE51C03922900E2EB13 /* mk64_countdown.wav in Resources */ = {isa = PBXBuildFile; fileRef = 9F9CEEE31C03922900E2EB13 /* mk64_countdown.wav */; };
		9FC7F3491BFFE63E00C12689 /* ArcLayer.swift in Sources */ = {isa = PBXBuildFile; fileRef = 9FC7F3451BFFE63E00C12689 /* ArcLayer.swift */; };
		9FC7F34A1BFFE63E00C12689 /* OvalLayer.swift in Sources */ = {isa = PBXBuildFile; fileRef = 9FC7F3461BFFE63E00C12689 /* OvalLayer.swift */; };
		9FC7F34B1BFFE63E00C12689 /* RectangleLayer.swift in Sources */ = {isa = PBXBuildFile; fileRef = 9FC7F3471BFFE63E00C12689 /* RectangleLayer.swift */; };
		9FC7F34C1BFFE63E00C12689 /* TriangleLayer.swift in Sources */ = {isa = PBXBuildFile; fileRef = 9FC7F3481BFFE63E00C12689 /* TriangleLayer.swift */; };
		9FC7F34E1BFFE68100C12689 /* Colors.swift in Sources */ = {isa = PBXBuildFile; fileRef = 9FC7F34D1BFFE68100C12689 /* Colors.swift */; };
		9FC7F3501BFFE6B900C12689 /* HolderView.swift in Sources */ = {isa = PBXBuildFile; fileRef = 9FC7F34F1BFFE6B900C12689 /* HolderView.swift */; };
		AC1A05D81BFFCD08000A6541 /* SimonSaysViewController.swift in Sources */ = {isa = PBXBuildFile; fileRef = AC1A05D71BFFCD08000A6541 /* SimonSaysViewController.swift */; };
		AC1A05DA1BFFCD39000A6541 /* airplanding.wav in Resources */ = {isa = PBXBuildFile; fileRef = AC1A05D91BFFCD39000A6541 /* airplanding.wav */; };
		AC6C2EFF1C13A62E00EC759D /* elevatording.wav in Resources */ = {isa = PBXBuildFile; fileRef = AC6C2EFE1C13A62E00EC759D /* elevatording.wav */; };
		AC961FE51BFFCA500099225B /* UIColorExtensions.swift in Sources */ = {isa = PBXBuildFile; fileRef = AC961FE41BFFCA500099225B /* UIColorExtensions.swift */; };
		ACE981691C17A06700C25DDE /* SettingsDS.swift in Sources */ = {isa = PBXBuildFile; fileRef = ACE981681C17A06700C25DDE /* SettingsDS.swift */; };
		ACE9816B1C17A10900C25DDE /* SettingsTVC.swift in Sources */ = {isa = PBXBuildFile; fileRef = ACE9816A1C17A10900C25DDE /* SettingsTVC.swift */; };
		D61B50D31BFC585200248DD9 /* AppDelegate.swift in Sources */ = {isa = PBXBuildFile; fileRef = D61B50D21BFC585200248DD9 /* AppDelegate.swift */; };
		D61B50D81BFC585200248DD9 /* Main.storyboard in Resources */ = {isa = PBXBuildFile; fileRef = D61B50D61BFC585200248DD9 /* Main.storyboard */; };
		D61B50DA1BFC585200248DD9 /* Assets.xcassets in Resources */ = {isa = PBXBuildFile; fileRef = D61B50D91BFC585200248DD9 /* Assets.xcassets */; };
		D61B50DD1BFC585200248DD9 /* LaunchScreen.storyboard in Resources */ = {isa = PBXBuildFile; fileRef = D61B50DB1BFC585200248DD9 /* LaunchScreen.storyboard */; };
		D61B50E81BFC585200248DD9 /* qlobeTests.swift in Sources */ = {isa = PBXBuildFile; fileRef = D61B50E71BFC585200248DD9 /* qlobeTests.swift */; };
		D61B50F31BFC585200248DD9 /* qlobeUITests.swift in Sources */ = {isa = PBXBuildFile; fileRef = D61B50F21BFC585200248DD9 /* qlobeUITests.swift */; };
		D61B51011BFC589300248DD9 /* LoadMainViewController.swift in Sources */ = {isa = PBXBuildFile; fileRef = D61B51001BFC589300248DD9 /* LoadMainViewController.swift */; };
		D61B512D1BFC5DAE00248DD9 /* triviaQuestion.swift in Sources */ = {isa = PBXBuildFile; fileRef = D61B512C1BFC5DAE00248DD9 /* triviaQuestion.swift */; };
		D61B512F1BFC5EBB00248DD9 /* ViewController.swift in Sources */ = {isa = PBXBuildFile; fileRef = D61B512E1BFC5EBB00248DD9 /* ViewController.swift */; };
		D61B51311BFC60D400248DD9 /* ScoreBoardViewController.swift in Sources */ = {isa = PBXBuildFile; fileRef = D61B51301BFC60D400248DD9 /* ScoreBoardViewController.swift */; };
		D61B51331BFC61D300248DD9 /* UIViewExtensions.swift in Sources */ = {isa = PBXBuildFile; fileRef = D61B51321BFC61D300248DD9 /* UIViewExtensions.swift */; };
		D61B51351BFC61DC00248DD9 /* TapRaceViewController.swift in Sources */ = {isa = PBXBuildFile; fileRef = D61B51341BFC61DC00248DD9 /* TapRaceViewController.swift */; };
		D61B51371BFC61E300248DD9 /* QuestionViewController.swift in Sources */ = {isa = PBXBuildFile; fileRef = D61B51361BFC61E300248DD9 /* QuestionViewController.swift */; };
		D61B51391BFC61ED00248DD9 /* Player.swift in Sources */ = {isa = PBXBuildFile; fileRef = D61B51381BFC61ED00248DD9 /* Player.swift */; };
		D631330F1C18E3C800B46237 /* Rounds.swift in Sources */ = {isa = PBXBuildFile; fileRef = D631330E1C18E3C800B46237 /* Rounds.swift */; };
		D63133131C18EBF000B46237 /* GameOverViewController.swift in Sources */ = {isa = PBXBuildFile; fileRef = D63133121C18EBF000B46237 /* GameOverViewController.swift */; };
		D63133151C18EEF600B46237 /* GameOverParentViewController.swift in Sources */ = {isa = PBXBuildFile; fileRef = D63133141C18EEF600B46237 /* GameOverParentViewController.swift */; };
		D63133171C19183100B46237 /* HelpViewController.swift in Sources */ = {isa = PBXBuildFile; fileRef = D63133161C19183100B46237 /* HelpViewController.swift */; };
		D63133191C19273200B46237 /* Kankin.ttf in Resources */ = {isa = PBXBuildFile; fileRef = D63133181C1926FD00B46237 /* Kankin.ttf */; };
		D653FC0F1BFC7378004915C9 /* Bolts.framework in Frameworks */ = {isa = PBXBuildFile; fileRef = D653FC081BFC7378004915C9 /* Bolts.framework */; };
		D653FC101BFC7378004915C9 /* Parse.framework in Frameworks */ = {isa = PBXBuildFile; fileRef = D653FC091BFC7378004915C9 /* Parse.framework */; };
		D653FC111BFC7378004915C9 /* ParseCrashReporting.framework in Frameworks */ = {isa = PBXBuildFile; fileRef = D653FC0A1BFC7378004915C9 /* ParseCrashReporting.framework */; };
		D653FC121BFC7378004915C9 /* ParseFacebookUtils.framework in Frameworks */ = {isa = PBXBuildFile; fileRef = D653FC0B1BFC7378004915C9 /* ParseFacebookUtils.framework */; };
		D653FC131BFC7378004915C9 /* ParseFacebookUtilsV4.framework in Frameworks */ = {isa = PBXBuildFile; fileRef = D653FC0C1BFC7378004915C9 /* ParseFacebookUtilsV4.framework */; };
		D653FC141BFC7378004915C9 /* ParseTwitterUtils.framework in Frameworks */ = {isa = PBXBuildFile; fileRef = D653FC0D1BFC7378004915C9 /* ParseTwitterUtils.framework */; };
		D653FC151BFC7378004915C9 /* ParseUI.framework in Frameworks */ = {isa = PBXBuildFile; fileRef = D653FC0E1BFC7378004915C9 /* ParseUI.framework */; };
		D653FC171BFC73AC004915C9 /* AudioToolbox.framework in Frameworks */ = {isa = PBXBuildFile; fileRef = D653FC161BFC73AC004915C9 /* AudioToolbox.framework */; };
		D653FC191BFC73B4004915C9 /* CFNetwork.framework in Frameworks */ = {isa = PBXBuildFile; fileRef = D653FC181BFC73B4004915C9 /* CFNetwork.framework */; };
		D653FC1B1BFC73BC004915C9 /* CoreGraphics.framework in Frameworks */ = {isa = PBXBuildFile; fileRef = D653FC1A1BFC73BC004915C9 /* CoreGraphics.framework */; };
		D653FC1D1BFC73C6004915C9 /* QuartzCore.framework in Frameworks */ = {isa = PBXBuildFile; fileRef = D653FC1C1BFC73C6004915C9 /* QuartzCore.framework */; };
		D653FC1F1BFC73CD004915C9 /* Security.framework in Frameworks */ = {isa = PBXBuildFile; fileRef = D653FC1E1BFC73CD004915C9 /* Security.framework */; };
		D653FC211BFC73D4004915C9 /* StoreKit.framework in Frameworks */ = {isa = PBXBuildFile; fileRef = D653FC201BFC73D4004915C9 /* StoreKit.framework */; };
		D653FC231BFC73DD004915C9 /* SystemConfiguration.framework in Frameworks */ = {isa = PBXBuildFile; fileRef = D653FC221BFC73DD004915C9 /* SystemConfiguration.framework */; };
		D653FC251BFC73E8004915C9 /* libz.tbd in Frameworks */ = {isa = PBXBuildFile; fileRef = D653FC241BFC73E8004915C9 /* libz.tbd */; };
		D653FC271BFC73F5004915C9 /* libsqlite3.tbd in Frameworks */ = {isa = PBXBuildFile; fileRef = D653FC261BFC73F5004915C9 /* libsqlite3.tbd */; };
/* End PBXBuildFile section */

/* Begin PBXContainerItemProxy section */
		D61B50E41BFC585200248DD9 /* PBXContainerItemProxy */ = {
			isa = PBXContainerItemProxy;
			containerPortal = D61B50C71BFC585200248DD9 /* Project object */;
			proxyType = 1;
			remoteGlobalIDString = D61B50CE1BFC585200248DD9;
			remoteInfo = qlobe;
		};
		D61B50EF1BFC585200248DD9 /* PBXContainerItemProxy */ = {
			isa = PBXContainerItemProxy;
			containerPortal = D61B50C71BFC585200248DD9 /* Project object */;
			proxyType = 1;
			remoteGlobalIDString = D61B50CE1BFC585200248DD9;
			remoteInfo = qlobe;
		};
/* End PBXContainerItemProxy section */

/* Begin PBXFileReference section */
		9F04CAE91C03E26300F2B01B /* trivia.wav */ = {isa = PBXFileReference; lastKnownFileType = audio.wav; path = trivia.wav; sourceTree = "<group>"; };
		9F04CAED1C03E9AD00F2B01B /* trivia_countdown.mp3 */ = {isa = PBXFileReference; lastKnownFileType = audio.mp3; path = trivia_countdown.mp3; sourceTree = "<group>"; };
		9F04CAEF1C03EC0B00F2B01B /* tapRace_background.mp3 */ = {isa = PBXFileReference; lastKnownFileType = audio.mp3; path = tapRace_background.mp3; sourceTree = "<group>"; };
		9F04CAF11C03EF4500F2B01B /* tapRace_victory.mp3 */ = {isa = PBXFileReference; lastKnownFileType = audio.mp3; path = tapRace_victory.mp3; sourceTree = "<group>"; };
		9F3364541C19324C0035CB1C /* boing.wav */ = {isa = PBXFileReference; lastKnownFileType = audio.wav; path = boing.wav; sourceTree = "<group>"; };
		9F3364551C19324C0035CB1C /* main_menu.mp3 */ = {isa = PBXFileReference; lastKnownFileType = audio.mp3; path = main_menu.mp3; sourceTree = "<group>"; };
		9F3364561C19324C0035CB1C /* startPage.mp3 */ = {isa = PBXFileReference; lastKnownFileType = audio.mp3; path = startPage.mp3; sourceTree = "<group>"; };
		9F3364571C19324C0035CB1C /* round.mp3 */ = {isa = PBXFileReference; lastKnownFileType = audio.mp3; path = round.mp3; sourceTree = "<group>"; };
		9F9CEEE21C03922900E2EB13 /* mk64_racestart.wav */ = {isa = PBXFileReference; lastKnownFileType = audio.wav; path = mk64_racestart.wav; sourceTree = "<group>"; };
		9F9CEEE31C03922900E2EB13 /* mk64_countdown.wav */ = {isa = PBXFileReference; lastKnownFileType = audio.wav; path = mk64_countdown.wav; sourceTree = "<group>"; };
		9FC7F3451BFFE63E00C12689 /* ArcLayer.swift */ = {isa = PBXFileReference; fileEncoding = 4; lastKnownFileType = sourcecode.swift; path = ArcLayer.swift; sourceTree = "<group>"; };
		9FC7F3461BFFE63E00C12689 /* OvalLayer.swift */ = {isa = PBXFileReference; fileEncoding = 4; lastKnownFileType = sourcecode.swift; path = OvalLayer.swift; sourceTree = "<group>"; };
		9FC7F3471BFFE63E00C12689 /* RectangleLayer.swift */ = {isa = PBXFileReference; fileEncoding = 4; lastKnownFileType = sourcecode.swift; path = RectangleLayer.swift; sourceTree = "<group>"; };
		9FC7F3481BFFE63E00C12689 /* TriangleLayer.swift */ = {isa = PBXFileReference; fileEncoding = 4; lastKnownFileType = sourcecode.swift; path = TriangleLayer.swift; sourceTree = "<group>"; };
		9FC7F34D1BFFE68100C12689 /* Colors.swift */ = {isa = PBXFileReference; fileEncoding = 4; lastKnownFileType = sourcecode.swift; path = Colors.swift; sourceTree = "<group>"; };
		9FC7F34F1BFFE6B900C12689 /* HolderView.swift */ = {isa = PBXFileReference; fileEncoding = 4; lastKnownFileType = sourcecode.swift; path = HolderView.swift; sourceTree = "<group>"; };
		AC1A05D71BFFCD08000A6541 /* SimonSaysViewController.swift */ = {isa = PBXFileReference; fileEncoding = 4; lastKnownFileType = sourcecode.swift; path = SimonSaysViewController.swift; sourceTree = "<group>"; };
		AC1A05D91BFFCD39000A6541 /* airplanding.wav */ = {isa = PBXFileReference; lastKnownFileType = audio.wav; path = airplanding.wav; sourceTree = "<group>"; };
		AC6C2EFE1C13A62E00EC759D /* elevatording.wav */ = {isa = PBXFileReference; lastKnownFileType = audio.wav; path = elevatording.wav; sourceTree = "<group>"; };
		AC961FE41BFFCA500099225B /* UIColorExtensions.swift */ = {isa = PBXFileReference; fileEncoding = 4; lastKnownFileType = sourcecode.swift; path = UIColorExtensions.swift; sourceTree = "<group>"; };
		ACE981681C17A06700C25DDE /* SettingsDS.swift */ = {isa = PBXFileReference; fileEncoding = 4; lastKnownFileType = sourcecode.swift; path = SettingsDS.swift; sourceTree = "<group>"; };
		ACE9816A1C17A10900C25DDE /* SettingsTVC.swift */ = {isa = PBXFileReference; fileEncoding = 4; lastKnownFileType = sourcecode.swift; path = SettingsTVC.swift; sourceTree = "<group>"; };
		D61B50CF1BFC585200248DD9 /* qlobe.app */ = {isa = PBXFileReference; explicitFileType = wrapper.application; includeInIndex = 0; path = qlobe.app; sourceTree = BUILT_PRODUCTS_DIR; };
		D61B50D21BFC585200248DD9 /* AppDelegate.swift */ = {isa = PBXFileReference; lastKnownFileType = sourcecode.swift; path = AppDelegate.swift; sourceTree = "<group>"; };
		D61B50D71BFC585200248DD9 /* Base */ = {isa = PBXFileReference; lastKnownFileType = file.storyboard; name = Base; path = Base.lproj/Main.storyboard; sourceTree = "<group>"; };
		D61B50D91BFC585200248DD9 /* Assets.xcassets */ = {isa = PBXFileReference; lastKnownFileType = folder.assetcatalog; path = Assets.xcassets; sourceTree = "<group>"; };
		D61B50DC1BFC585200248DD9 /* Base */ = {isa = PBXFileReference; lastKnownFileType = file.storyboard; name = Base; path = Base.lproj/LaunchScreen.storyboard; sourceTree = "<group>"; };
		D61B50DE1BFC585200248DD9 /* Info.plist */ = {isa = PBXFileReference; lastKnownFileType = text.plist.xml; path = Info.plist; sourceTree = "<group>"; };
		D61B50E31BFC585200248DD9 /* qlobeTests.xctest */ = {isa = PBXFileReference; explicitFileType = wrapper.cfbundle; includeInIndex = 0; path = qlobeTests.xctest; sourceTree = BUILT_PRODUCTS_DIR; };
		D61B50E71BFC585200248DD9 /* qlobeTests.swift */ = {isa = PBXFileReference; lastKnownFileType = sourcecode.swift; path = qlobeTests.swift; sourceTree = "<group>"; };
		D61B50E91BFC585200248DD9 /* Info.plist */ = {isa = PBXFileReference; lastKnownFileType = text.plist.xml; path = Info.plist; sourceTree = "<group>"; };
		D61B50EE1BFC585200248DD9 /* qlobeUITests.xctest */ = {isa = PBXFileReference; explicitFileType = wrapper.cfbundle; includeInIndex = 0; path = qlobeUITests.xctest; sourceTree = BUILT_PRODUCTS_DIR; };
		D61B50F21BFC585200248DD9 /* qlobeUITests.swift */ = {isa = PBXFileReference; lastKnownFileType = sourcecode.swift; path = qlobeUITests.swift; sourceTree = "<group>"; };
		D61B50F41BFC585200248DD9 /* Info.plist */ = {isa = PBXFileReference; lastKnownFileType = text.plist.xml; path = Info.plist; sourceTree = "<group>"; };
		D61B51001BFC589300248DD9 /* LoadMainViewController.swift */ = {isa = PBXFileReference; fileEncoding = 4; lastKnownFileType = sourcecode.swift; path = LoadMainViewController.swift; sourceTree = "<group>"; };
		D61B512C1BFC5DAE00248DD9 /* triviaQuestion.swift */ = {isa = PBXFileReference; fileEncoding = 4; lastKnownFileType = sourcecode.swift; path = triviaQuestion.swift; sourceTree = "<group>"; };
		D61B512E1BFC5EBB00248DD9 /* ViewController.swift */ = {isa = PBXFileReference; fileEncoding = 4; lastKnownFileType = sourcecode.swift; path = ViewController.swift; sourceTree = "<group>"; };
		D61B51301BFC60D400248DD9 /* ScoreBoardViewController.swift */ = {isa = PBXFileReference; fileEncoding = 4; lastKnownFileType = sourcecode.swift; path = ScoreBoardViewController.swift; sourceTree = "<group>"; };
		D61B51321BFC61D300248DD9 /* UIViewExtensions.swift */ = {isa = PBXFileReference; fileEncoding = 4; lastKnownFileType = sourcecode.swift; path = UIViewExtensions.swift; sourceTree = "<group>"; };
		D61B51341BFC61DC00248DD9 /* TapRaceViewController.swift */ = {isa = PBXFileReference; fileEncoding = 4; lastKnownFileType = sourcecode.swift; path = TapRaceViewController.swift; sourceTree = "<group>"; };
		D61B51361BFC61E300248DD9 /* QuestionViewController.swift */ = {isa = PBXFileReference; fileEncoding = 4; lastKnownFileType = sourcecode.swift; path = QuestionViewController.swift; sourceTree = "<group>"; };
		D61B51381BFC61ED00248DD9 /* Player.swift */ = {isa = PBXFileReference; fileEncoding = 4; lastKnownFileType = sourcecode.swift; path = Player.swift; sourceTree = "<group>"; };
		D631330E1C18E3C800B46237 /* Rounds.swift */ = {isa = PBXFileReference; fileEncoding = 4; lastKnownFileType = sourcecode.swift; path = Rounds.swift; sourceTree = "<group>"; };
		D63133121C18EBF000B46237 /* GameOverViewController.swift */ = {isa = PBXFileReference; fileEncoding = 4; lastKnownFileType = sourcecode.swift; path = GameOverViewController.swift; sourceTree = "<group>"; };
		D63133141C18EEF600B46237 /* GameOverParentViewController.swift */ = {isa = PBXFileReference; fileEncoding = 4; lastKnownFileType = sourcecode.swift; path = GameOverParentViewController.swift; sourceTree = "<group>"; };
		D63133161C19183100B46237 /* HelpViewController.swift */ = {isa = PBXFileReference; fileEncoding = 4; lastKnownFileType = sourcecode.swift; path = HelpViewController.swift; sourceTree = "<group>"; };
		D63133181C1926FD00B46237 /* Kankin.ttf */ = {isa = PBXFileReference; lastKnownFileType = file; path = Kankin.ttf; sourceTree = "<group>"; };
		D653FC081BFC7378004915C9 /* Bolts.framework */ = {isa = PBXFileReference; lastKnownFileType = wrapper.framework; path = Bolts.framework; sourceTree = "<group>"; };
		D653FC091BFC7378004915C9 /* Parse.framework */ = {isa = PBXFileReference; lastKnownFileType = wrapper.framework; path = Parse.framework; sourceTree = "<group>"; };
		D653FC0A1BFC7378004915C9 /* ParseCrashReporting.framework */ = {isa = PBXFileReference; lastKnownFileType = wrapper.framework; path = ParseCrashReporting.framework; sourceTree = "<group>"; };
		D653FC0B1BFC7378004915C9 /* ParseFacebookUtils.framework */ = {isa = PBXFileReference; lastKnownFileType = wrapper.framework; path = ParseFacebookUtils.framework; sourceTree = "<group>"; };
		D653FC0C1BFC7378004915C9 /* ParseFacebookUtilsV4.framework */ = {isa = PBXFileReference; lastKnownFileType = wrapper.framework; path = ParseFacebookUtilsV4.framework; sourceTree = "<group>"; };
		D653FC0D1BFC7378004915C9 /* ParseTwitterUtils.framework */ = {isa = PBXFileReference; lastKnownFileType = wrapper.framework; path = ParseTwitterUtils.framework; sourceTree = "<group>"; };
		D653FC0E1BFC7378004915C9 /* ParseUI.framework */ = {isa = PBXFileReference; lastKnownFileType = wrapper.framework; path = ParseUI.framework; sourceTree = "<group>"; };
		D653FC161BFC73AC004915C9 /* AudioToolbox.framework */ = {isa = PBXFileReference; lastKnownFileType = wrapper.framework; name = AudioToolbox.framework; path = System/Library/Frameworks/AudioToolbox.framework; sourceTree = SDKROOT; };
		D653FC181BFC73B4004915C9 /* CFNetwork.framework */ = {isa = PBXFileReference; lastKnownFileType = wrapper.framework; name = CFNetwork.framework; path = System/Library/Frameworks/CFNetwork.framework; sourceTree = SDKROOT; };
		D653FC1A1BFC73BC004915C9 /* CoreGraphics.framework */ = {isa = PBXFileReference; lastKnownFileType = wrapper.framework; name = CoreGraphics.framework; path = System/Library/Frameworks/CoreGraphics.framework; sourceTree = SDKROOT; };
		D653FC1C1BFC73C6004915C9 /* QuartzCore.framework */ = {isa = PBXFileReference; lastKnownFileType = wrapper.framework; name = QuartzCore.framework; path = System/Library/Frameworks/QuartzCore.framework; sourceTree = SDKROOT; };
		D653FC1E1BFC73CD004915C9 /* Security.framework */ = {isa = PBXFileReference; lastKnownFileType = wrapper.framework; name = Security.framework; path = System/Library/Frameworks/Security.framework; sourceTree = SDKROOT; };
		D653FC201BFC73D4004915C9 /* StoreKit.framework */ = {isa = PBXFileReference; lastKnownFileType = wrapper.framework; name = StoreKit.framework; path = System/Library/Frameworks/StoreKit.framework; sourceTree = SDKROOT; };
		D653FC221BFC73DD004915C9 /* SystemConfiguration.framework */ = {isa = PBXFileReference; lastKnownFileType = wrapper.framework; name = SystemConfiguration.framework; path = System/Library/Frameworks/SystemConfiguration.framework; sourceTree = SDKROOT; };
		D653FC241BFC73E8004915C9 /* libz.tbd */ = {isa = PBXFileReference; lastKnownFileType = "sourcecode.text-based-dylib-definition"; name = libz.tbd; path = usr/lib/libz.tbd; sourceTree = SDKROOT; };
		D653FC261BFC73F5004915C9 /* libsqlite3.tbd */ = {isa = PBXFileReference; lastKnownFileType = "sourcecode.text-based-dylib-definition"; name = libsqlite3.tbd; path = usr/lib/libsqlite3.tbd; sourceTree = SDKROOT; };
/* End PBXFileReference section */

/* Begin PBXFrameworksBuildPhase section */
		D61B50CC1BFC585200248DD9 /* Frameworks */ = {
			isa = PBXFrameworksBuildPhase;
			buildActionMask = 2147483647;
			files = (
				D653FC271BFC73F5004915C9 /* libsqlite3.tbd in Frameworks */,
				D653FC251BFC73E8004915C9 /* libz.tbd in Frameworks */,
				D653FC231BFC73DD004915C9 /* SystemConfiguration.framework in Frameworks */,
				D653FC211BFC73D4004915C9 /* StoreKit.framework in Frameworks */,
				D653FC1F1BFC73CD004915C9 /* Security.framework in Frameworks */,
				D653FC1D1BFC73C6004915C9 /* QuartzCore.framework in Frameworks */,
				D653FC1B1BFC73BC004915C9 /* CoreGraphics.framework in Frameworks */,
				D653FC191BFC73B4004915C9 /* CFNetwork.framework in Frameworks */,
				D653FC171BFC73AC004915C9 /* AudioToolbox.framework in Frameworks */,
				D653FC101BFC7378004915C9 /* Parse.framework in Frameworks */,
				D653FC111BFC7378004915C9 /* ParseCrashReporting.framework in Frameworks */,
				D653FC151BFC7378004915C9 /* ParseUI.framework in Frameworks */,
				D653FC121BFC7378004915C9 /* ParseFacebookUtils.framework in Frameworks */,
				D653FC0F1BFC7378004915C9 /* Bolts.framework in Frameworks */,
				D653FC141BFC7378004915C9 /* ParseTwitterUtils.framework in Frameworks */,
				D653FC131BFC7378004915C9 /* ParseFacebookUtilsV4.framework in Frameworks */,
			);
			runOnlyForDeploymentPostprocessing = 0;
		};
		D61B50E01BFC585200248DD9 /* Frameworks */ = {
			isa = PBXFrameworksBuildPhase;
			buildActionMask = 2147483647;
			files = (
			);
			runOnlyForDeploymentPostprocessing = 0;
		};
		D61B50EB1BFC585200248DD9 /* Frameworks */ = {
			isa = PBXFrameworksBuildPhase;
			buildActionMask = 2147483647;
			files = (
			);
			runOnlyForDeploymentPostprocessing = 0;
		};
/* End PBXFrameworksBuildPhase section */

/* Begin PBXGroup section */
		9F2C77491C18B6FF00D1FAB4 /* LoadingAnimation */ = {
			isa = PBXGroup;
			children = (
				9FC7F3481BFFE63E00C12689 /* TriangleLayer.swift */,
				9FC7F34D1BFFE68100C12689 /* Colors.swift */,
				9FC7F3461BFFE63E00C12689 /* OvalLayer.swift */,
				9FC7F34F1BFFE6B900C12689 /* HolderView.swift */,
				9FC7F3471BFFE63E00C12689 /* RectangleLayer.swift */,
				9FC7F3451BFFE63E00C12689 /* ArcLayer.swift */,
			);
			name = LoadingAnimation;
			sourceTree = "<group>";
		};
		9F2C774A1C18B88A00D1FAB4 /* ClassDefine */ = {
			isa = PBXGroup;
			children = (
				D61B51381BFC61ED00248DD9 /* Player.swift */,
				D61B512C1BFC5DAE00248DD9 /* triviaQuestion.swift */,
				AC961FE41BFFCA500099225B /* UIColorExtensions.swift */,
				D61B51321BFC61D300248DD9 /* UIViewExtensions.swift */,
				D631330E1C18E3C800B46237 /* Rounds.swift */,
				ACE981681C17A06700C25DDE /* SettingsDS.swift */,
			);
			name = ClassDefine;
			sourceTree = "<group>";
		};
		9F9CEEE11C0391F400E2EB13 /* Audio */ = {
			isa = PBXGroup;
			children = (
				9F9CEEE21C03922900E2EB13 /* mk64_racestart.wav */,
				9F04CAED1C03E9AD00F2B01B /* trivia_countdown.mp3 */,
				9F04CAE91C03E26300F2B01B /* trivia.wav */,
				AC6C2EFE1C13A62E00EC759D /* elevatording.wav */,
				AC1A05D91BFFCD39000A6541 /* airplanding.wav */,
				9F04CAEF1C03EC0B00F2B01B /* tapRace_background.mp3 */,
				9F04CAF11C03EF4500F2B01B /* tapRace_victory.mp3 */,
				9F9CEEE31C03922900E2EB13 /* mk64_countdown.wav */,
				9F3364541C19324C0035CB1C /* boing.wav */,
				9F3364551C19324C0035CB1C /* main_menu.mp3 */,
				9F3364561C19324C0035CB1C /* startPage.mp3 */,
				9F3364571C19324C0035CB1C /* round.mp3 */,
			);
			name = Audio;
			sourceTree = "<group>";
		};
		D61B50C61BFC585200248DD9 = {
			isa = PBXGroup;
			children = (
				D653FC261BFC73F5004915C9 /* libsqlite3.tbd */,
				D653FC241BFC73E8004915C9 /* libz.tbd */,
				D653FC221BFC73DD004915C9 /* SystemConfiguration.framework */,
				D653FC201BFC73D4004915C9 /* StoreKit.framework */,
				D653FC1E1BFC73CD004915C9 /* Security.framework */,
				D653FC1C1BFC73C6004915C9 /* QuartzCore.framework */,
				D653FC1A1BFC73BC004915C9 /* CoreGraphics.framework */,
				D653FC181BFC73B4004915C9 /* CFNetwork.framework */,
				D653FC161BFC73AC004915C9 /* AudioToolbox.framework */,
				D653FC081BFC7378004915C9 /* Bolts.framework */,
				D653FC091BFC7378004915C9 /* Parse.framework */,
				D653FC0A1BFC7378004915C9 /* ParseCrashReporting.framework */,
				D653FC0B1BFC7378004915C9 /* ParseFacebookUtils.framework */,
				D653FC0C1BFC7378004915C9 /* ParseFacebookUtilsV4.framework */,
				D653FC0D1BFC7378004915C9 /* ParseTwitterUtils.framework */,
				D653FC0E1BFC7378004915C9 /* ParseUI.framework */,
				D61B50D11BFC585200248DD9 /* qlobe */,
				D61B50E61BFC585200248DD9 /* qlobeTests */,
				D61B50F11BFC585200248DD9 /* qlobeUITests */,
				D61B50D01BFC585200248DD9 /* Products */,
			);
			sourceTree = "<group>";
		};
		D61B50D01BFC585200248DD9 /* Products */ = {
			isa = PBXGroup;
			children = (
				D61B50CF1BFC585200248DD9 /* qlobe.app */,
				D61B50E31BFC585200248DD9 /* qlobeTests.xctest */,
				D61B50EE1BFC585200248DD9 /* qlobeUITests.xctest */,
			);
			name = Products;
			sourceTree = "<group>";
		};
		D61B50D11BFC585200248DD9 /* qlobe */ = {
			isa = PBXGroup;
			children = (
				D61B50D21BFC585200248DD9 /* AppDelegate.swift */,
				D61B50D91BFC585200248DD9 /* Assets.xcassets */,
				D61B50DE1BFC585200248DD9 /* Info.plist */,
				9F9CEEE11C0391F400E2EB13 /* Audio */,
				9F2C77491C18B6FF00D1FAB4 /* LoadingAnimation */,
				9F2C774A1C18B88A00D1FAB4 /* ClassDefine */,
				D61B50D61BFC585200248DD9 /* Main.storyboard */,
				D63133161C19183100B46237 /* HelpViewController.swift */,
				D63133141C18EEF600B46237 /* GameOverParentViewController.swift */,
				D63133121C18EBF000B46237 /* GameOverViewController.swift */,
				AC1A05D71BFFCD08000A6541 /* SimonSaysViewController.swift */,
				D61B51001BFC589300248DD9 /* LoadMainViewController.swift */,
				D61B512E1BFC5EBB00248DD9 /* ViewController.swift */,
				D61B51301BFC60D400248DD9 /* ScoreBoardViewController.swift */,
				D61B51341BFC61DC00248DD9 /* TapRaceViewController.swift */,
				D61B51361BFC61E300248DD9 /* QuestionViewController.swift */,
				ACE9816A1C17A10900C25DDE /* SettingsTVC.swift */,
				D63133181C1926FD00B46237 /* Kankin.ttf */,
				D61B50DB1BFC585200248DD9 /* LaunchScreen.storyboard */,
			);
			path = qlobe;
			sourceTree = "<group>";
		};
		D61B50E61BFC585200248DD9 /* qlobeTests */ = {
			isa = PBXGroup;
			children = (
				D61B50E71BFC585200248DD9 /* qlobeTests.swift */,
				D61B50E91BFC585200248DD9 /* Info.plist */,
			);
			path = qlobeTests;
			sourceTree = "<group>";
		};
		D61B50F11BFC585200248DD9 /* qlobeUITests */ = {
			isa = PBXGroup;
			children = (
				D61B50F21BFC585200248DD9 /* qlobeUITests.swift */,
				D61B50F41BFC585200248DD9 /* Info.plist */,
			);
			path = qlobeUITests;
			sourceTree = "<group>";
		};
/* End PBXGroup section */

/* Begin PBXNativeTarget section */
		D61B50CE1BFC585200248DD9 /* qlobe */ = {
			isa = PBXNativeTarget;
			buildConfigurationList = D61B50F71BFC585200248DD9 /* Build configuration list for PBXNativeTarget "qlobe" */;
			buildPhases = (
				D61B50CB1BFC585200248DD9 /* Sources */,
				D61B50CC1BFC585200248DD9 /* Frameworks */,
				D61B50CD1BFC585200248DD9 /* Resources */,
			);
			buildRules = (
			);
			dependencies = (
			);
			name = qlobe;
			productName = qlobe;
			productReference = D61B50CF1BFC585200248DD9 /* qlobe.app */;
			productType = "com.apple.product-type.application";
		};
		D61B50E21BFC585200248DD9 /* qlobeTests */ = {
			isa = PBXNativeTarget;
			buildConfigurationList = D61B50FA1BFC585200248DD9 /* Build configuration list for PBXNativeTarget "qlobeTests" */;
			buildPhases = (
				D61B50DF1BFC585200248DD9 /* Sources */,
				D61B50E01BFC585200248DD9 /* Frameworks */,
				D61B50E11BFC585200248DD9 /* Resources */,
			);
			buildRules = (
			);
			dependencies = (
				D61B50E51BFC585200248DD9 /* PBXTargetDependency */,
			);
			name = qlobeTests;
			productName = qlobeTests;
			productReference = D61B50E31BFC585200248DD9 /* qlobeTests.xctest */;
			productType = "com.apple.product-type.bundle.unit-test";
		};
		D61B50ED1BFC585200248DD9 /* qlobeUITests */ = {
			isa = PBXNativeTarget;
			buildConfigurationList = D61B50FD1BFC585200248DD9 /* Build configuration list for PBXNativeTarget "qlobeUITests" */;
			buildPhases = (
				D61B50EA1BFC585200248DD9 /* Sources */,
				D61B50EB1BFC585200248DD9 /* Frameworks */,
				D61B50EC1BFC585200248DD9 /* Resources */,
			);
			buildRules = (
			);
			dependencies = (
				D61B50F01BFC585200248DD9 /* PBXTargetDependency */,
			);
			name = qlobeUITests;
			productName = qlobeUITests;
			productReference = D61B50EE1BFC585200248DD9 /* qlobeUITests.xctest */;
			productType = "com.apple.product-type.bundle.ui-testing";
		};
/* End PBXNativeTarget section */

/* Begin PBXProject section */
		D61B50C71BFC585200248DD9 /* Project object */ = {
			isa = PBXProject;
			attributes = {
				LastSwiftUpdateCheck = 0710;
				LastUpgradeCheck = 0710;
				ORGANIZATIONNAME = qlobe;
				TargetAttributes = {
					D61B50CE1BFC585200248DD9 = {
						CreatedOnToolsVersion = 7.1.1;
						DevelopmentTeam = VEGEYN8UR5;
					};
					D61B50E21BFC585200248DD9 = {
						CreatedOnToolsVersion = 7.1.1;
						TestTargetID = D61B50CE1BFC585200248DD9;
					};
					D61B50ED1BFC585200248DD9 = {
						CreatedOnToolsVersion = 7.1.1;
						TestTargetID = D61B50CE1BFC585200248DD9;
					};
				};
			};
			buildConfigurationList = D61B50CA1BFC585200248DD9 /* Build configuration list for PBXProject "qlobe" */;
			compatibilityVersion = "Xcode 3.2";
			developmentRegion = English;
			hasScannedForEncodings = 0;
			knownRegions = (
				en,
				Base,
			);
			mainGroup = D61B50C61BFC585200248DD9;
			productRefGroup = D61B50D01BFC585200248DD9 /* Products */;
			projectDirPath = "";
			projectRoot = "";
			targets = (
				D61B50CE1BFC585200248DD9 /* qlobe */,
				D61B50E21BFC585200248DD9 /* qlobeTests */,
				D61B50ED1BFC585200248DD9 /* qlobeUITests */,
			);
		};
/* End PBXProject section */

/* Begin PBXResourcesBuildPhase section */
		D61B50CD1BFC585200248DD9 /* Resources */ = {
			isa = PBXResourcesBuildPhase;
			buildActionMask = 2147483647;
			files = (
				D63133191C19273200B46237 /* Kankin.ttf in Resources */,
				D61B50DD1BFC585200248DD9 /* LaunchScreen.storyboard in Resources */,
				9F04CAF21C03EF4500F2B01B /* tapRace_victory.mp3 in Resources */,
				D61B50DA1BFC585200248DD9 /* Assets.xcassets in Resources */,
				9F33645A1C19324C0035CB1C /* startPage.mp3 in Resources */,
				9F9CEEE51C03922900E2EB13 /* mk64_countdown.wav in Resources */,
				9F04CAF01C03EC0B00F2B01B /* tapRace_background.mp3 in Resources */,
				9F9CEEE41C03922900E2EB13 /* mk64_racestart.wav in Resources */,
				9F04CAEA1C03E26300F2B01B /* trivia.wav in Resources */,
				AC6C2EFF1C13A62E00EC759D /* elevatording.wav in Resources */,
				AC1A05DA1BFFCD39000A6541 /* airplanding.wav in Resources */,
				9F3364591C19324C0035CB1C /* main_menu.mp3 in Resources */,
				9F3364581C19324C0035CB1C /* boing.wav in Resources */,
				D61B50D81BFC585200248DD9 /* Main.storyboard in Resources */,
				9F04CAEE1C03E9AD00F2B01B /* trivia_countdown.mp3 in Resources */,
				9F33645B1C19324C0035CB1C /* round.mp3 in Resources */,
			);
			runOnlyForDeploymentPostprocessing = 0;
		};
		D61B50E11BFC585200248DD9 /* Resources */ = {
			isa = PBXResourcesBuildPhase;
			buildActionMask = 2147483647;
			files = (
			);
			runOnlyForDeploymentPostprocessing = 0;
		};
		D61B50EC1BFC585200248DD9 /* Resources */ = {
			isa = PBXResourcesBuildPhase;
			buildActionMask = 2147483647;
			files = (
			);
			runOnlyForDeploymentPostprocessing = 0;
		};
/* End PBXResourcesBuildPhase section */

/* Begin PBXSourcesBuildPhase section */
		D61B50CB1BFC585200248DD9 /* Sources */ = {
			isa = PBXSourcesBuildPhase;
			buildActionMask = 2147483647;
			files = (
				9FC7F3491BFFE63E00C12689 /* ArcLayer.swift in Sources */,
				AC1A05D81BFFCD08000A6541 /* SimonSaysViewController.swift in Sources */,
				D61B512F1BFC5EBB00248DD9 /* ViewController.swift in Sources */,
				D61B51331BFC61D300248DD9 /* UIViewExtensions.swift in Sources */,
				D61B51011BFC589300248DD9 /* LoadMainViewController.swift in Sources */,
				9FC7F34A1BFFE63E00C12689 /* OvalLayer.swift in Sources */,
				9FC7F34C1BFFE63E00C12689 /* TriangleLayer.swift in Sources */,
				D61B50D31BFC585200248DD9 /* AppDelegate.swift in Sources */,
				D61B51351BFC61DC00248DD9 /* TapRaceViewController.swift in Sources */,
				9FC7F34E1BFFE68100C12689 /* Colors.swift in Sources */,
				D61B51311BFC60D400248DD9 /* ScoreBoardViewController.swift in Sources */,
				D63133131C18EBF000B46237 /* GameOverViewController.swift in Sources */,
				9FC7F34B1BFFE63E00C12689 /* RectangleLayer.swift in Sources */,
				D61B512D1BFC5DAE00248DD9 /* triviaQuestion.swift in Sources */,
				D61B51391BFC61ED00248DD9 /* Player.swift in Sources */,
				D631330F1C18E3C800B46237 /* Rounds.swift in Sources */,
				D61B51371BFC61E300248DD9 /* QuestionViewController.swift in Sources */,
				ACE981691C17A06700C25DDE /* SettingsDS.swift in Sources */,
				D63133151C18EEF600B46237 /* GameOverParentViewController.swift in Sources */,
				AC961FE51BFFCA500099225B /* UIColorExtensions.swift in Sources */,
				9FC7F3501BFFE6B900C12689 /* HolderView.swift in Sources */,
				D63133171C19183100B46237 /* HelpViewController.swift in Sources */,
				ACE9816B1C17A10900C25DDE /* SettingsTVC.swift in Sources */,
			);
			runOnlyForDeploymentPostprocessing = 0;
		};
		D61B50DF1BFC585200248DD9 /* Sources */ = {
			isa = PBXSourcesBuildPhase;
			buildActionMask = 2147483647;
			files = (
				D61B50E81BFC585200248DD9 /* qlobeTests.swift in Sources */,
			);
			runOnlyForDeploymentPostprocessing = 0;
		};
		D61B50EA1BFC585200248DD9 /* Sources */ = {
			isa = PBXSourcesBuildPhase;
			buildActionMask = 2147483647;
			files = (
				D61B50F31BFC585200248DD9 /* qlobeUITests.swift in Sources */,
			);
			runOnlyForDeploymentPostprocessing = 0;
		};
/* End PBXSourcesBuildPhase section */

/* Begin PBXTargetDependency section */
		D61B50E51BFC585200248DD9 /* PBXTargetDependency */ = {
			isa = PBXTargetDependency;
			target = D61B50CE1BFC585200248DD9 /* qlobe */;
			targetProxy = D61B50E41BFC585200248DD9 /* PBXContainerItemProxy */;
		};
		D61B50F01BFC585200248DD9 /* PBXTargetDependency */ = {
			isa = PBXTargetDependency;
			target = D61B50CE1BFC585200248DD9 /* qlobe */;
			targetProxy = D61B50EF1BFC585200248DD9 /* PBXContainerItemProxy */;
		};
/* End PBXTargetDependency section */

/* Begin PBXVariantGroup section */
		D61B50D61BFC585200248DD9 /* Main.storyboard */ = {
			isa = PBXVariantGroup;
			children = (
				D61B50D71BFC585200248DD9 /* Base */,
			);
			name = Main.storyboard;
			sourceTree = "<group>";
		};
		D61B50DB1BFC585200248DD9 /* LaunchScreen.storyboard */ = {
			isa = PBXVariantGroup;
			children = (
				D61B50DC1BFC585200248DD9 /* Base */,
			);
			name = LaunchScreen.storyboard;
			sourceTree = "<group>";
		};
/* End PBXVariantGroup section */

/* Begin XCBuildConfiguration section */
		D61B50F51BFC585200248DD9 /* Debug */ = {
			isa = XCBuildConfiguration;
			buildSettings = {
				ALWAYS_SEARCH_USER_PATHS = NO;
				CLANG_CXX_LANGUAGE_STANDARD = "gnu++0x";
				CLANG_CXX_LIBRARY = "libc++";
				CLANG_ENABLE_MODULES = YES;
				CLANG_ENABLE_OBJC_ARC = YES;
				CLANG_WARN_BOOL_CONVERSION = YES;
				CLANG_WARN_CONSTANT_CONVERSION = YES;
				CLANG_WARN_DIRECT_OBJC_ISA_USAGE = YES_ERROR;
				CLANG_WARN_EMPTY_BODY = YES;
				CLANG_WARN_ENUM_CONVERSION = YES;
				CLANG_WARN_INT_CONVERSION = YES;
				CLANG_WARN_OBJC_ROOT_CLASS = YES_ERROR;
				CLANG_WARN_UNREACHABLE_CODE = YES;
				CLANG_WARN__DUPLICATE_METHOD_MATCH = YES;
				"CODE_SIGN_IDENTITY[sdk=iphoneos*]" = "iPhone Developer";
				COPY_PHASE_STRIP = NO;
				DEBUG_INFORMATION_FORMAT = dwarf;
				ENABLE_STRICT_OBJC_MSGSEND = YES;
				ENABLE_TESTABILITY = YES;
				GCC_C_LANGUAGE_STANDARD = gnu99;
				GCC_DYNAMIC_NO_PIC = NO;
				GCC_NO_COMMON_BLOCKS = YES;
				GCC_OPTIMIZATION_LEVEL = 0;
				GCC_PREPROCESSOR_DEFINITIONS = (
					"DEBUG=1",
					"$(inherited)",
				);
				GCC_WARN_64_TO_32_BIT_CONVERSION = YES;
				GCC_WARN_ABOUT_RETURN_TYPE = YES_ERROR;
				GCC_WARN_UNDECLARED_SELECTOR = YES;
				GCC_WARN_UNINITIALIZED_AUTOS = YES_AGGRESSIVE;
				GCC_WARN_UNUSED_FUNCTION = YES;
				GCC_WARN_UNUSED_VARIABLE = YES;
				IPHONEOS_DEPLOYMENT_TARGET = 9.1;
				MTL_ENABLE_DEBUG_INFO = YES;
				ONLY_ACTIVE_ARCH = YES;
				SDKROOT = iphoneos;
				SWIFT_OPTIMIZATION_LEVEL = "-Onone";
			};
			name = Debug;
		};
		D61B50F61BFC585200248DD9 /* Release */ = {
			isa = XCBuildConfiguration;
			buildSettings = {
				ALWAYS_SEARCH_USER_PATHS = NO;
				CLANG_CXX_LANGUAGE_STANDARD = "gnu++0x";
				CLANG_CXX_LIBRARY = "libc++";
				CLANG_ENABLE_MODULES = YES;
				CLANG_ENABLE_OBJC_ARC = YES;
				CLANG_WARN_BOOL_CONVERSION = YES;
				CLANG_WARN_CONSTANT_CONVERSION = YES;
				CLANG_WARN_DIRECT_OBJC_ISA_USAGE = YES_ERROR;
				CLANG_WARN_EMPTY_BODY = YES;
				CLANG_WARN_ENUM_CONVERSION = YES;
				CLANG_WARN_INT_CONVERSION = YES;
				CLANG_WARN_OBJC_ROOT_CLASS = YES_ERROR;
				CLANG_WARN_UNREACHABLE_CODE = YES;
				CLANG_WARN__DUPLICATE_METHOD_MATCH = YES;
				"CODE_SIGN_IDENTITY[sdk=iphoneos*]" = "iPhone Developer";
				COPY_PHASE_STRIP = NO;
				DEBUG_INFORMATION_FORMAT = "dwarf-with-dsym";
				ENABLE_NS_ASSERTIONS = NO;
				ENABLE_STRICT_OBJC_MSGSEND = YES;
				GCC_C_LANGUAGE_STANDARD = gnu99;
				GCC_NO_COMMON_BLOCKS = YES;
				GCC_WARN_64_TO_32_BIT_CONVERSION = YES;
				GCC_WARN_ABOUT_RETURN_TYPE = YES_ERROR;
				GCC_WARN_UNDECLARED_SELECTOR = YES;
				GCC_WARN_UNINITIALIZED_AUTOS = YES_AGGRESSIVE;
				GCC_WARN_UNUSED_FUNCTION = YES;
				GCC_WARN_UNUSED_VARIABLE = YES;
				IPHONEOS_DEPLOYMENT_TARGET = 9.1;
				MTL_ENABLE_DEBUG_INFO = NO;
				SDKROOT = iphoneos;
				VALIDATE_PRODUCT = YES;
			};
			name = Release;
		};
		D61B50F81BFC585200248DD9 /* Debug */ = {
			isa = XCBuildConfiguration;
			buildSettings = {
				ASSETCATALOG_COMPILER_APPICON_NAME = AppIcon;
				CODE_SIGN_IDENTITY = "iPhone Developer";
				FRAMEWORK_SEARCH_PATHS = (
					"$(inherited)",
					"$(PROJECT_DIR)",
					"$(PROJECT_DIR)/qlobe",
				);
				INFOPLIST_FILE = qlobe/Info.plist;
				LD_RUNPATH_SEARCH_PATHS = "$(inherited) @executable_path/Frameworks";
				PRODUCT_BUNDLE_IDENTIFIER = com.CS407.wisc.qlobe;
				PRODUCT_NAME = "$(TARGET_NAME)";
			};
			name = Debug;
		};
		D61B50F91BFC585200248DD9 /* Release */ = {
			isa = XCBuildConfiguration;
			buildSettings = {
				ASSETCATALOG_COMPILER_APPICON_NAME = AppIcon;
				CODE_SIGN_IDENTITY = "iPhone Developer";
				FRAMEWORK_SEARCH_PATHS = (
					"$(inherited)",
					"$(PROJECT_DIR)",
					"$(PROJECT_DIR)/qlobe",
				);
				INFOPLIST_FILE = qlobe/Info.plist;
				LD_RUNPATH_SEARCH_PATHS = "$(inherited) @executable_path/Frameworks";
				PRODUCT_BUNDLE_IDENTIFIER = com.CS407.wisc.qlobe;
				PRODUCT_NAME = "$(TARGET_NAME)";
			};
			name = Release;
		};
		D61B50FB1BFC585200248DD9 /* Debug */ = {
			isa = XCBuildConfiguration;
			buildSettings = {
				BUNDLE_LOADER = "$(TEST_HOST)";
				INFOPLIST_FILE = qlobeTests/Info.plist;
				LD_RUNPATH_SEARCH_PATHS = "$(inherited) @executable_path/Frameworks @loader_path/Frameworks";
				PRODUCT_BUNDLE_IDENTIFIER = com.qlobe.qlobeTests;
				PRODUCT_NAME = "$(TARGET_NAME)";
				TEST_HOST = "$(BUILT_PRODUCTS_DIR)/qlobe.app/qlobe";
			};
			name = Debug;
		};
		D61B50FC1BFC585200248DD9 /* Release */ = {
			isa = XCBuildConfiguration;
			buildSettings = {
				BUNDLE_LOADER = "$(TEST_HOST)";
				INFOPLIST_FILE = qlobeTests/Info.plist;
				LD_RUNPATH_SEARCH_PATHS = "$(inherited) @executable_path/Frameworks @loader_path/Frameworks";
				PRODUCT_BUNDLE_IDENTIFIER = com.qlobe.qlobeTests;
				PRODUCT_NAME = "$(TARGET_NAME)";
				TEST_HOST = "$(BUILT_PRODUCTS_DIR)/qlobe.app/qlobe";
			};
			name = Release;
		};
		D61B50FE1BFC585200248DD9 /* Debug */ = {
			isa = XCBuildConfiguration;
			buildSettings = {
				INFOPLIST_FILE = qlobeUITests/Info.plist;
				LD_RUNPATH_SEARCH_PATHS = "$(inherited) @executable_path/Frameworks @loader_path/Frameworks";
				PRODUCT_BUNDLE_IDENTIFIER = com.qlobe.qlobeUITests;
				PRODUCT_NAME = "$(TARGET_NAME)";
				TEST_TARGET_NAME = qlobe;
				USES_XCTRUNNER = YES;
			};
			name = Debug;
		};
		D61B50FF1BFC585200248DD9 /* Release */ = {
			isa = XCBuildConfiguration;
			buildSettings = {
				INFOPLIST_FILE = qlobeUITests/Info.plist;
				LD_RUNPATH_SEARCH_PATHS = "$(inherited) @executable_path/Frameworks @loader_path/Frameworks";
				PRODUCT_BUNDLE_IDENTIFIER = com.qlobe.qlobeUITests;
				PRODUCT_NAME = "$(TARGET_NAME)";
				TEST_TARGET_NAME = qlobe;
				USES_XCTRUNNER = YES;
			};
			name = Release;
		};
/* End XCBuildConfiguration section */

/* Begin XCConfigurationList section */
		D61B50CA1BFC585200248DD9 /* Build configuration list for PBXProject "qlobe" */ = {
			isa = XCConfigurationList;
			buildConfigurations = (
				D61B50F51BFC585200248DD9 /* Debug */,
				D61B50F61BFC585200248DD9 /* Release */,
			);
			defaultConfigurationIsVisible = 0;
			defaultConfigurationName = Release;
		};
		D61B50F71BFC585200248DD9 /* Build configuration list for PBXNativeTarget "qlobe" */ = {
			isa = XCConfigurationList;
			buildConfigurations = (
				D61B50F81BFC585200248DD9 /* Debug */,
				D61B50F91BFC585200248DD9 /* Release */,
			);
			defaultConfigurationIsVisible = 0;
			defaultConfigurationName = Release;
		};
		D61B50FA1BFC585200248DD9 /* Build configuration list for PBXNativeTarget "qlobeTests" */ = {
			isa = XCConfigurationList;
			buildConfigurations = (
				D61B50FB1BFC585200248DD9 /* Debug */,
				D61B50FC1BFC585200248DD9 /* Release */,
			);
			defaultConfigurationIsVisible = 0;
			defaultConfigurationName = Release;
		};
		D61B50FD1BFC585200248DD9 /* Build configuration list for PBXNativeTarget "qlobeUITests" */ = {
			isa = XCConfigurationList;
			buildConfigurations = (
				D61B50FE1BFC585200248DD9 /* Debug */,
				D61B50FF1BFC585200248DD9 /* Release */,
			);
			defaultConfigurationIsVisible = 0;
			defaultConfigurationName = Release;
		};
/* End XCConfigurationList section */
	};
	rootObject = D61B50C71BFC585200248DD9 /* Project object */;
}
